
Microsoft Visual Studio Solution File, Format Version 12.00
# Visual Studio Version 17
VisualStudioVersion = 17.14.36518.9 d17.14
MinimumVisualStudioVersion = 10.0.40219.1
Project("{FAE04EC0-301F-11D3-BF4B-00C04F79EFBC}") = "MatrixScreensaver", "MatrixScreensaver\MatrixScreensaver.csproj", "{FED147A2-3423-44B2-83A4-BF440F4DCFD2}"
EndProject
Global
	GlobalSection(SolutionConfigurationPlatforms) = preSolution
		Debug|Any CPU = Debug|Any CPU
		Release|Any CPU = Release|Any CPU
	EndGlobalSection
	GlobalSection(ProjectConfigurationPlatforms) = postSolution
		{FED147A2-3423-44B2-83A4-BF440F4DCFD2}.Debug|Any CPU.ActiveCfg = Debug|Any CPU
		{FED147A2-3423-44B2-83A4-BF440F4DCFD2}.Debug|Any CPU.Build.0 = Debug|Any CPU
		{FED147A2-3423-44B2-83A4-BF440F4DCFD2}.Release|Any CPU.ActiveCfg = Release|Any CPU
		{FED147A2-3423-44B2-83A4-BF440F4DCFD2}.Release|Any CPU.Build.0 = Release|Any CPU
	EndGlobalSection
	GlobalSection(SolutionProperties) = preSolution
		HideSolutionNode = FALSE
	EndGlobalSection
	GlobalSection(ExtensibilityGlobals) = postSolution
		SolutionGuid = {5323F62F-1A0C-43B0-A1CF-52E957090BB3}
	EndGlobalSection
EndGlobal
